
Microsoft Visual Studio Solution File, Format Version 12.00
# Visual Studio Version 17
VisualStudioVersion = 17.3.32804.467
MinimumVisualStudioVersion = 10.0.40219.1
Project("{FAE04EC0-301F-11D3-BF4B-00C04F79EFBC}") = "DataViewer_1.0.0.0", "DataViewer_1.0.0.0.csproj", "{631AEE92-F358-4F5C-984C-934F617691C7}"
EndProject
Global
	GlobalSection(SolutionConfigurationPlatforms) = preSolution
		Debug|Any CPU = Debug|Any CPU
		Release|Any CPU = Release|Any CPU
	EndGlobalSection
	GlobalSection(ProjectConfigurationPlatforms) = postSolution
		{631AEE92-F358-4F5C-984C-934F617691C7}.Debug|Any CPU.ActiveCfg = Debug|Any CPU
		{631AEE92-F358-4F5C-984C-934F617691C7}.Debug|Any CPU.Build.0 = Debug|Any CPU
		{631AEE92-F358-4F5C-984C-934F617691C7}.Release|Any CPU.ActiveCfg = Release|Any CPU
		{631AEE92-F358-4F5C-984C-934F617691C7}.Release|Any CPU.Build.0 = Release|Any CPU
	EndGlobalSection
	GlobalSection(SolutionProperties) = preSolution
		HideSolutionNode = FALSE
	EndGlobalSection
	GlobalSection(ExtensibilityGlobals) = postSolution
		SolutionGuid = {FB7CD353-8BBF-4B71-A4E1-30E93F69ABC5}
	EndGlobalSection
EndGlobal
