
Microsoft Visual Studio Solution File, Format Version 12.00
# Visual Studio Version 17
VisualStudioVersion = 17.0.31903.59
MinimumVisualStudioVersion = 10.0.40219.1
Project("{2150E333-8FDC-42A3-9474-1A3956D46DE8}") = "src", "src", "{827E0CD3-B72D-47B6-A68D-7590B98EB39B}"
EndProject
Project("{FAE04EC0-301F-11D3-BF4B-00C04F79EFBC}") = "DataViewer.Core", "src\DataViewer.Core\DataViewer.Core.csproj", "{ADC5E806-D729-4885-A4AA-BFDE1E7269D2}"
EndProject
Project("{FAE04EC0-301F-11D3-BF4B-00C04F79EFBC}") = "DataViewer.App", "src\DataViewer.App\DataViewer.App.csproj", "{66C2E7FD-778F-4CE8-9BDD-BB4912B71423}"
EndProject
Project("{2150E333-8FDC-42A3-9474-1A3956D46DE8}") = "tests", "tests", "{0AB3BF05-4346-4AA6-1389-037BE0695223}"
EndProject
Project("{FAE04EC0-301F-11D3-BF4B-00C04F79EFBC}") = "DataViewer.Core.Tests", "tests\DataViewer.Core.Tests\DataViewer.Core.Tests.csproj", "{7DD05DFA-77B6-4B01-81C7-648B64B2252A}"
EndProject
Global
	GlobalSection(SolutionConfigurationPlatforms) = preSolution
		Debug|Any CPU = Debug|Any CPU
		Debug|x64 = Debug|x64
		Debug|x86 = Debug|x86
		Release|Any CPU = Release|Any CPU
		Release|x64 = Release|x64
		Release|x86 = Release|x86
	EndGlobalSection
	GlobalSection(ProjectConfigurationPlatforms) = postSolution
		{ADC5E806-D729-4885-A4AA-BFDE1E7269D2}.Debug|Any CPU.ActiveCfg = Debug|Any CPU
		{ADC5E806-D729-4885-A4AA-BFDE1E7269D2}.Debug|Any CPU.Build.0 = Debug|Any CPU
		{ADC5E806-D729-4885-A4AA-BFDE1E7269D2}.Debug|x64.ActiveCfg = Debug|Any CPU
		{ADC5E806-D729-4885-A4AA-BFDE1E7269D2}.Debug|x64.Build.0 = Debug|Any CPU
		{ADC5E806-D729-4885-A4AA-BFDE1E7269D2}.Debug|x86.ActiveCfg = Debug|Any CPU
		{ADC5E806-D729-4885-A4AA-BFDE1E7269D2}.Debug|x86.Build.0 = Debug|Any CPU
		{ADC5E806-D729-4885-A4AA-BFDE1E7269D2}.Release|Any CPU.ActiveCfg = Release|Any CPU
		{ADC5E806-D729-4885-A4AA-BFDE1E7269D2}.Release|Any CPU.Build.0 = Release|Any CPU
		{ADC5E806-D729-4885-A4AA-BFDE1E7269D2}.Release|x64.ActiveCfg = Release|Any CPU
		{ADC5E806-D729-4885-A4AA-BFDE1E7269D2}.Release|x64.Build.0 = Release|Any CPU
		{ADC5E806-D729-4885-A4AA-BFDE1E7269D2}.Release|x86.ActiveCfg = Release|Any CPU
		{ADC5E806-D729-4885-A4AA-BFDE1E7269D2}.Release|x86.Build.0 = Release|Any CPU
		{66C2E7FD-778F-4CE8-9BDD-BB4912B71423}.Debug|Any CPU.ActiveCfg = Debug|Any CPU
		{66C2E7FD-778F-4CE8-9BDD-BB4912B71423}.Debug|Any CPU.Build.0 = Debug|Any CPU
		{66C2E7FD-778F-4CE8-9BDD-BB4912B71423}.Debug|x64.ActiveCfg = Debug|Any CPU
		{66C2E7FD-778F-4CE8-9BDD-BB4912B71423}.Debug|x64.Build.0 = Debug|Any CPU
		{66C2E7FD-778F-4CE8-9BDD-BB4912B71423}.Debug|x86.ActiveCfg = Debug|Any CPU
		{66C2E7FD-778F-4CE8-9BDD-BB4912B71423}.Debug|x86.Build.0 = Debug|Any CPU
		{66C2E7FD-778F-4CE8-9BDD-BB4912B71423}.Release|Any CPU.ActiveCfg = Release|Any CPU
		{66C2E7FD-778F-4CE8-9BDD-BB4912B71423}.Release|Any CPU.Build.0 = Release|Any CPU
		{66C2E7FD-778F-4CE8-9BDD-BB4912B71423}.Release|x64.ActiveCfg = Release|Any CPU
		{66C2E7FD-778F-4CE8-9BDD-BB4912B71423}.Release|x64.Build.0 = Release|Any CPU
		{66C2E7FD-778F-4CE8-9BDD-BB4912B71423}.Release|x86.ActiveCfg = Release|Any CPU
		{66C2E7FD-778F-4CE8-9BDD-BB4912B71423}.Release|x86.Build.0 = Release|Any CPU
		{7DD05DFA-77B6-4B01-81C7-648B64B2252A}.Debug|Any CPU.ActiveCfg = Debug|Any CPU
		{7DD05DFA-77B6-4B01-81C7-648B64B2252A}.Debug|Any CPU.Build.0 = Debug|Any CPU
		{7DD05DFA-77B6-4B01-81C7-648B64B2252A}.Debug|x64.ActiveCfg = Debug|Any CPU
		{7DD05DFA-77B6-4B01-81C7-648B64B2252A}.Debug|x64.Build.0 = Debug|Any CPU
		{7DD05DFA-77B6-4B01-81C7-648B64B2252A}.Debug|x86.ActiveCfg = Debug|Any CPU
		{7DD05DFA-77B6-4B01-81C7-648B64B2252A}.Debug|x86.Build.0 = Debug|Any CPU
		{7DD05DFA-77B6-4B01-81C7-648B64B2252A}.Release|Any CPU.ActiveCfg = Release|Any CPU
		{7DD05DFA-77B6-4B01-81C7-648B64B2252A}.Release|Any CPU.Build.0 = Release|Any CPU
		{7DD05DFA-77B6-4B01-81C7-648B64B2252A}.Release|x64.ActiveCfg = Release|Any CPU
		{7DD05DFA-77B6-4B01-81C7-648B64B2252A}.Release|x64.Build.0 = Release|Any CPU
		{7DD05DFA-77B6-4B01-81C7-648B64B2252A}.Release|x86.ActiveCfg = Release|Any CPU
		{7DD05DFA-77B6-4B01-81C7-648B64B2252A}.Release|x86.Build.0 = Release|Any CPU
	EndGlobalSection
	GlobalSection(SolutionProperties) = preSolution
		HideSolutionNode = FALSE
	EndGlobalSection
	GlobalSection(NestedProjects) = preSolution
		{ADC5E806-D729-4885-A4AA-BFDE1E7269D2} = {827E0CD3-B72D-47B6-A68D-7590B98EB39B}
		{66C2E7FD-778F-4CE8-9BDD-BB4912B71423} = {827E0CD3-B72D-47B6-A68D-7590B98EB39B}
		{7DD05DFA-77B6-4B01-81C7-648B64B2252A} = {0AB3BF05-4346-4AA6-1389-037BE0695223}
	EndGlobalSection
EndGlobal
